// !$*UTF8*$!
{
	archiveVersion = 1;
	classes = {
	};
	objectVersion = 55;
	objects = {

/* Begin PBXBuildFile section */
		DAA735AC2847A2E900B71D58 /* main.swift in Sources */ = {isa = PBXBuildFile; fileRef = DAA735AB2847A2E900B71D58 /* main.swift */; };
		DAA735B32847A60200B71D58 /* User.swift in Sources */ = {isa = PBXBuildFile; fileRef = DAA735B22847A60200B71D58 /* User.swift */; };
		DAA735B52847A61900B71D58 /* Repository.swift in Sources */ = {isa = PBXBuildFile; fileRef = DAA735B42847A61900B71D58 /* Repository.swift */; };
		DAA735B72847A7EC00B71D58 /* SearchResponse.swift in Sources */ = {isa = PBXBuildFile; fileRef = DAA735B62847A7EC00B71D58 /* SearchResponse.swift */; };
		DAA735B92847A8CD00B71D58 /* GitHubCilentError.swift in Sources */ = {isa = PBXBuildFile; fileRef = DAA735B82847A8CD00B71D58 /* GitHubCilentError.swift */; };
		DAA735BB2847C82300B71D58 /* GitHubAPIError.swift in Sources */ = {isa = PBXBuildFile; fileRef = DAA735BA2847C82300B71D58 /* GitHubAPIError.swift */; };
		DAA735BD2847C92C00B71D58 /* GitHubRequest.swift in Sources */ = {isa = PBXBuildFile; fileRef = DAA735BC2847C92C00B71D58 /* GitHubRequest.swift */; };
		DAA735BF2847C9DD00B71D58 /* HTTPMethod.swift in Sources */ = {isa = PBXBuildFile; fileRef = DAA735BE2847C9DD00B71D58 /* HTTPMethod.swift */; };
		DAA735C12847CB3900B71D58 /* GitHubAPI.swift in Sources */ = {isa = PBXBuildFile; fileRef = DAA735C02847CB3900B71D58 /* GitHubAPI.swift */; };
		DAA735C328487E2B00B71D58 /* GitHubClient.swift in Sources */ = {isa = PBXBuildFile; fileRef = DAA735C228487E2B00B71D58 /* GitHubClient.swift */; };
		DAA735C528487F2D00B71D58 /* Result.swift in Sources */ = {isa = PBXBuildFile; fileRef = DAA735C428487F2D00B71D58 /* Result.swift */; };
/* End PBXBuildFile section */

/* Begin PBXCopyFilesBuildPhase section */
		DAA735A62847A2E900B71D58 /* CopyFiles */ = {
			isa = PBXCopyFilesBuildPhase;
			buildActionMask = 2147483647;
			dstPath = /usr/share/man/man1/;
			dstSubfolderSpec = 0;
			files = (
			);
			runOnlyForDeploymentPostprocessing = 1;
		};
/* End PBXCopyFilesBuildPhase section */

/* Begin PBXFileReference section */
		DAA735A82847A2E900B71D58 /* GitHubSearchRepository */ = {isa = PBXFileReference; explicitFileType = "compiled.mach-o.executable"; includeInIndex = 0; path = GitHubSearchRepository; sourceTree = BUILT_PRODUCTS_DIR; };
		DAA735AB2847A2E900B71D58 /* main.swift */ = {isa = PBXFileReference; lastKnownFileType = sourcecode.swift; path = main.swift; sourceTree = "<group>"; };
		DAA735B22847A60200B71D58 /* User.swift */ = {isa = PBXFileReference; lastKnownFileType = sourcecode.swift; path = User.swift; sourceTree = "<group>"; };
		DAA735B42847A61900B71D58 /* Repository.swift */ = {isa = PBXFileReference; lastKnownFileType = sourcecode.swift; path = Repository.swift; sourceTree = "<group>"; };
		DAA735B62847A7EC00B71D58 /* SearchResponse.swift */ = {isa = PBXFileReference; lastKnownFileType = sourcecode.swift; path = SearchResponse.swift; sourceTree = "<group>"; };
		DAA735B82847A8CD00B71D58 /* GitHubCilentError.swift */ = {isa = PBXFileReference; lastKnownFileType = sourcecode.swift; path = GitHubCilentError.swift; sourceTree = "<group>"; };
		DAA735BA2847C82300B71D58 /* GitHubAPIError.swift */ = {isa = PBXFileReference; lastKnownFileType = sourcecode.swift; path = GitHubAPIError.swift; sourceTree = "<group>"; };
		DAA735BC2847C92C00B71D58 /* GitHubRequest.swift */ = {isa = PBXFileReference; lastKnownFileType = sourcecode.swift; path = GitHubRequest.swift; sourceTree = "<group>"; };
		DAA735BE2847C9DD00B71D58 /* HTTPMethod.swift */ = {isa = PBXFileReference; lastKnownFileType = sourcecode.swift; path = HTTPMethod.swift; sourceTree = "<group>"; };
		DAA735C02847CB3900B71D58 /* GitHubAPI.swift */ = {isa = PBXFileReference; lastKnownFileType = sourcecode.swift; path = GitHubAPI.swift; sourceTree = "<group>"; };
		DAA735C228487E2B00B71D58 /* GitHubClient.swift */ = {isa = PBXFileReference; lastKnownFileType = sourcecode.swift; path = GitHubClient.swift; sourceTree = "<group>"; };
		DAA735C428487F2D00B71D58 /* Result.swift */ = {isa = PBXFileReference; lastKnownFileType = sourcecode.swift; path = Result.swift; sourceTree = "<group>"; };
/* End PBXFileReference section */

/* Begin PBXFrameworksBuildPhase section */
		DAA735A52847A2E900B71D58 /* Frameworks */ = {
			isa = PBXFrameworksBuildPhase;
			buildActionMask = 2147483647;
			files = (
			);
			runOnlyForDeploymentPostprocessing = 0;
		};
/* End PBXFrameworksBuildPhase section */

/* Begin PBXGroup section */
		DAA7359F2847A2E900B71D58 = {
			isa = PBXGroup;
			children = (
				DAA735AA2847A2E900B71D58 /* GitHubSearchRepository */,
				DAA735A92847A2E900B71D58 /* Products */,
			);
			sourceTree = "<group>";
		};
		DAA735A92847A2E900B71D58 /* Products */ = {
			isa = PBXGroup;
			children = (
				DAA735A82847A2E900B71D58 /* GitHubSearchRepository */,
			);
			name = Products;
			sourceTree = "<group>";
		};
		DAA735AA2847A2E900B71D58 /* GitHubSearchRepository */ = {
			isa = PBXGroup;
			children = (
				DAA735AB2847A2E900B71D58 /* main.swift */,
				DAA735B22847A60200B71D58 /* User.swift */,
				DAA735B42847A61900B71D58 /* Repository.swift */,
				DAA735B62847A7EC00B71D58 /* SearchResponse.swift */,
				DAA735B82847A8CD00B71D58 /* GitHubCilentError.swift */,
				DAA735BA2847C82300B71D58 /* GitHubAPIError.swift */,
				DAA735BC2847C92C00B71D58 /* GitHubRequest.swift */,
				DAA735BE2847C9DD00B71D58 /* HTTPMethod.swift */,
				DAA735C02847CB3900B71D58 /* GitHubAPI.swift */,
				DAA735C228487E2B00B71D58 /* GitHubClient.swift */,
				DAA735C428487F2D00B71D58 /* Result.swift */,
			);
			path = GitHubSearchRepository;
			sourceTree = "<group>";
		};
/* End PBXGroup section */

/* Begin PBXNativeTarget section */
		DAA735A72847A2E900B71D58 /* GitHubSearchRepository */ = {
			isa = PBXNativeTarget;
			buildConfigurationList = DAA735AF2847A2E900B71D58 /* Build configuration list for PBXNativeTarget "GitHubSearchRepository" */;
			buildPhases = (
				DAA735A42847A2E900B71D58 /* Sources */,
				DAA735A52847A2E900B71D58 /* Frameworks */,
				DAA735A62847A2E900B71D58 /* CopyFiles */,
			);
			buildRules = (
			);
			dependencies = (
			);
			name = GitHubSearchRepository;
			productName = GitHubSearchRepository;
			productReference = DAA735A82847A2E900B71D58 /* GitHubSearchRepository */;
			productType = "com.apple.product-type.tool";
		};
/* End PBXNativeTarget section */

/* Begin PBXProject section */
		DAA735A02847A2E900B71D58 /* Project object */ = {
			isa = PBXProject;
			attributes = {
				BuildIndependentTargetsInParallel = 1;
				LastSwiftUpdateCheck = 1340;
				LastUpgradeCheck = 1340;
				TargetAttributes = {
					DAA735A72847A2E900B71D58 = {
						CreatedOnToolsVersion = 13.4;
					};
				};
			};
			buildConfigurationList = DAA735A32847A2E900B71D58 /* Build configuration list for PBXProject "GitHubSearchRepository" */;
			compatibilityVersion = "Xcode 13.0";
			developmentRegion = en;
			hasScannedForEncodings = 0;
			knownRegions = (
				en,
				Base,
			);
			mainGroup = DAA7359F2847A2E900B71D58;
			productRefGroup = DAA735A92847A2E900B71D58 /* Products */;
			projectDirPath = "";
			projectRoot = "";
			targets = (
				DAA735A72847A2E900B71D58 /* GitHubSearchRepository */,
			);
		};
/* End PBXProject section */

/* Begin PBXSourcesBuildPhase section */
		DAA735A42847A2E900B71D58 /* Sources */ = {
			isa = PBXSourcesBuildPhase;
			buildActionMask = 2147483647;
			files = (
				DAA735B72847A7EC00B71D58 /* SearchResponse.swift in Sources */,
				DAA735C12847CB3900B71D58 /* GitHubAPI.swift in Sources */,
				DAA735B32847A60200B71D58 /* User.swift in Sources */,
				DAA735B92847A8CD00B71D58 /* GitHubCilentError.swift in Sources */,
				DAA735AC2847A2E900B71D58 /* main.swift in Sources */,
				DAA735C328487E2B00B71D58 /* GitHubClient.swift in Sources */,
				DAA735BF2847C9DD00B71D58 /* HTTPMethod.swift in Sources */,
				DAA735BD2847C92C00B71D58 /* GitHubRequest.swift in Sources */,
				DAA735BB2847C82300B71D58 /* GitHubAPIError.swift in Sources */,
				DAA735B52847A61900B71D58 /* Repository.swift in Sources */,
				DAA735C528487F2D00B71D58 /* Result.swift in Sources */,
			);
			runOnlyForDeploymentPostprocessing = 0;
		};
/* End PBXSourcesBuildPhase section */

/* Begin XCBuildConfiguration section */
		DAA735AD2847A2E900B71D58 /* Debug */ = {
			isa = XCBuildConfiguration;
			buildSettings = {
				ALWAYS_SEARCH_USER_PATHS = NO;
				CLANG_ANALYZER_NONNULL = YES;
				CLANG_ANALYZER_NUMBER_OBJECT_CONVERSION = YES_AGGRESSIVE;
				CLANG_CXX_LANGUAGE_STANDARD = "gnu++17";
				CLANG_ENABLE_MODULES = YES;
				CLANG_ENABLE_OBJC_ARC = YES;
				CLANG_ENABLE_OBJC_WEAK = YES;
				CLANG_WARN_BLOCK_CAPTURE_AUTORELEASING = YES;
				CLANG_WARN_BOOL_CONVERSION = YES;
				CLANG_WARN_COMMA = YES;
				CLANG_WARN_CONSTANT_CONVERSION = YES;
				CLANG_WARN_DEPRECATED_OBJC_IMPLEMENTATIONS = YES;
				CLANG_WARN_DIRECT_OBJC_ISA_USAGE = YES_ERROR;
				CLANG_WARN_DOCUMENTATION_COMMENTS = YES;
				CLANG_WARN_EMPTY_BODY = YES;
				CLANG_WARN_ENUM_CONVERSION = YES;
				CLANG_WARN_INFINITE_RECURSION = YES;
				CLANG_WARN_INT_CONVERSION = YES;
				CLANG_WARN_NON_LITERAL_NULL_CONVERSION = YES;
				CLANG_WARN_OBJC_IMPLICIT_RETAIN_SELF = YES;
				CLANG_WARN_OBJC_LITERAL_CONVERSION = YES;
				CLANG_WARN_OBJC_ROOT_CLASS = YES_ERROR;
				CLANG_WARN_QUOTED_INCLUDE_IN_FRAMEWORK_HEADER = YES;
				CLANG_WARN_RANGE_LOOP_ANALYSIS = YES;
				CLANG_WARN_STRICT_PROTOTYPES = YES;
				CLANG_WARN_SUSPICIOUS_MOVE = YES;
				CLANG_WARN_UNGUARDED_AVAILABILITY = YES_AGGRESSIVE;
				CLANG_WARN_UNREACHABLE_CODE = YES;
				CLANG_WARN__DUPLICATE_METHOD_MATCH = YES;
				COPY_PHASE_STRIP = NO;
				DEBUG_INFORMATION_FORMAT = dwarf;
				ENABLE_STRICT_OBJC_MSGSEND = YES;
				ENABLE_TESTABILITY = YES;
				GCC_C_LANGUAGE_STANDARD = gnu11;
				GCC_DYNAMIC_NO_PIC = NO;
				GCC_NO_COMMON_BLOCKS = YES;
				GCC_OPTIMIZATION_LEVEL = 0;
				GCC_PREPROCESSOR_DEFINITIONS = (
					"DEBUG=1",
					"$(inherited)",
				);
				GCC_WARN_64_TO_32_BIT_CONVERSION = YES;
				GCC_WARN_ABOUT_RETURN_TYPE = YES_ERROR;
				GCC_WARN_UNDECLARED_SELECTOR = YES;
				GCC_WARN_UNINITIALIZED_AUTOS = YES_AGGRESSIVE;
				GCC_WARN_UNUSED_FUNCTION = YES;
				GCC_WARN_UNUSED_VARIABLE = YES;
				MACOSX_DEPLOYMENT_TARGET = 12.3;
				MTL_ENABLE_DEBUG_INFO = INCLUDE_SOURCE;
				MTL_FAST_MATH = YES;
				ONLY_ACTIVE_ARCH = YES;
				SDKROOT = macosx;
				SWIFT_ACTIVE_COMPILATION_CONDITIONS = DEBUG;
				SWIFT_OPTIMIZATION_LEVEL = "-Onone";
			};
			name = Debug;
		};
		DAA735AE2847A2E900B71D58 /* Release */ = {
			isa = XCBuildConfiguration;
			buildSettings = {
				ALWAYS_SEARCH_USER_PATHS = NO;
				CLANG_ANALYZER_NONNULL = YES;
				CLANG_ANALYZER_NUMBER_OBJECT_CONVERSION = YES_AGGRESSIVE;
				CLANG_CXX_LANGUAGE_STANDARD = "gnu++17";
				CLANG_ENABLE_MODULES = YES;
				CLANG_ENABLE_OBJC_ARC = YES;
				CLANG_ENABLE_OBJC_WEAK = YES;
				CLANG_WARN_BLOCK_CAPTURE_AUTORELEASING = YES;
				CLANG_WARN_BOOL_CONVERSION = YES;
				CLANG_WARN_COMMA = YES;
				CLANG_WARN_CONSTANT_CONVERSION = YES;
				CLANG_WARN_DEPRECATED_OBJC_IMPLEMENTATIONS = YES;
				CLANG_WARN_DIRECT_OBJC_ISA_USAGE = YES_ERROR;
				CLANG_WARN_DOCUMENTATION_COMMENTS = YES;
				CLANG_WARN_EMPTY_BODY = YES;
				CLANG_WARN_ENUM_CONVERSION = YES;
				CLANG_WARN_INFINITE_RECURSION = YES;
				CLANG_WARN_INT_CONVERSION = YES;
				CLANG_WARN_NON_LITERAL_NULL_CONVERSION = YES;
				CLANG_WARN_OBJC_IMPLICIT_RETAIN_SELF = YES;
				CLANG_WARN_OBJC_LITERAL_CONVERSION = YES;
				CLANG_WARN_OBJC_ROOT_CLASS = YES_ERROR;
				CLANG_WARN_QUOTED_INCLUDE_IN_FRAMEWORK_HEADER = YES;
				CLANG_WARN_RANGE_LOOP_ANALYSIS = YES;
				CLANG_WARN_STRICT_PROTOTYPES = YES;
				CLANG_WARN_SUSPICIOUS_MOVE = YES;
				CLANG_WARN_UNGUARDED_AVAILABILITY = YES_AGGRESSIVE;
				CLANG_WARN_UNREACHABLE_CODE = YES;
				CLANG_WARN__DUPLICATE_METHOD_MATCH = YES;
				COPY_PHASE_STRIP = NO;
				DEBUG_INFORMATION_FORMAT = "dwarf-with-dsym";
				ENABLE_NS_ASSERTIONS = NO;
				ENABLE_STRICT_OBJC_MSGSEND = YES;
				GCC_C_LANGUAGE_STANDARD = gnu11;
				GCC_NO_COMMON_BLOCKS = YES;
				GCC_WARN_64_TO_32_BIT_CONVERSION = YES;
				GCC_WARN_ABOUT_RETURN_TYPE = YES_ERROR;
				GCC_WARN_UNDECLARED_SELECTOR = YES;
				GCC_WARN_UNINITIALIZED_AUTOS = YES_AGGRESSIVE;
				GCC_WARN_UNUSED_FUNCTION = YES;
				GCC_WARN_UNUSED_VARIABLE = YES;
				MACOSX_DEPLOYMENT_TARGET = 12.3;
				MTL_ENABLE_DEBUG_INFO = NO;
				MTL_FAST_MATH = YES;
				SDKROOT = macosx;
				SWIFT_COMPILATION_MODE = wholemodule;
				SWIFT_OPTIMIZATION_LEVEL = "-O";
			};
			name = Release;
		};
		DAA735B02847A2E900B71D58 /* Debug */ = {
			isa = XCBuildConfiguration;
			buildSettings = {
				CODE_SIGN_STYLE = Automatic;
				PRODUCT_NAME = "$(TARGET_NAME)";
				SWIFT_VERSION = 5.0;
			};
			name = Debug;
		};
		DAA735B12847A2E900B71D58 /* Release */ = {
			isa = XCBuildConfiguration;
			buildSettings = {
				CODE_SIGN_STYLE = Automatic;
				PRODUCT_NAME = "$(TARGET_NAME)";
				SWIFT_VERSION = 5.0;
			};
			name = Release;
		};
/* End XCBuildConfiguration section */

/* Begin XCConfigurationList section */
		DAA735A32847A2E900B71D58 /* Build configuration list for PBXProject "GitHubSearchRepository" */ = {
			isa = XCConfigurationList;
			buildConfigurations = (
				DAA735AD2847A2E900B71D58 /* Debug */,
				DAA735AE2847A2E900B71D58 /* Release */,
			);
			defaultConfigurationIsVisible = 0;
			defaultConfigurationName = Release;
		};
		DAA735AF2847A2E900B71D58 /* Build configuration list for PBXNativeTarget "GitHubSearchRepository" */ = {
			isa = XCConfigurationList;
			buildConfigurations = (
				DAA735B02847A2E900B71D58 /* Debug */,
				DAA735B12847A2E900B71D58 /* Release */,
			);
			defaultConfigurationIsVisible = 0;
			defaultConfigurationName = Release;
		};
/* End XCConfigurationList section */
	};
	rootObject = DAA735A02847A2E900B71D58 /* Project object */;
}
